// !$*UTF8*$!
{
	archiveVersion = 1;
	classes = {
	};
	objectVersion = 56;
	objects = {

/* Begin PBXBuildFile section */
		C2B4CB9F2B9F39E90086E835 /* AppDelegate.swift in Sources */ = {isa = PBXBuildFile; fileRef = C2B4CB9E2B9F39E90086E835 /* AppDelegate.swift */; };
		C2B4CBA12B9F39E90086E835 /* SceneDelegate.swift in Sources */ = {isa = PBXBuildFile; fileRef = C2B4CBA02B9F39E90086E835 /* SceneDelegate.swift */; };
		C2B4CBA32B9F39E90086E835 /* CalculatorVC.swift in Sources */ = {isa = PBXBuildFile; fileRef = C2B4CBA22B9F39E90086E835 /* CalculatorVC.swift */; };
		C2B4CBA82B9F39EB0086E835 /* Assets.xcassets in Resources */ = {isa = PBXBuildFile; fileRef = C2B4CBA72B9F39EB0086E835 /* Assets.xcassets */; };
		C2B4CBAB2B9F39EB0086E835 /* Base in Resources */ = {isa = PBXBuildFile; fileRef = C2B4CBAA2B9F39EB0086E835 /* Base */; };
		C2B4CBB62B9F39EB0086E835 /* tip_calculatorTests.swift in Sources */ = {isa = PBXBuildFile; fileRef = C2B4CBB52B9F39EB0086E835 /* tip_calculatorTests.swift */; };
		C2B4CBC02B9F39EB0086E835 /* tip_calculatorUITests.swift in Sources */ = {isa = PBXBuildFile; fileRef = C2B4CBBF2B9F39EB0086E835 /* tip_calculatorUITests.swift */; };
		C2B4CBC22B9F39EB0086E835 /* tip_calculatorUITestsLaunchTests.swift in Sources */ = {isa = PBXBuildFile; fileRef = C2B4CBC12B9F39EB0086E835 /* tip_calculatorUITestsLaunchTests.swift */; };
		C2B4CBD12B9F3A7B0086E835 /* SnapKit in Frameworks */ = {isa = PBXBuildFile; productRef = C2B4CBD02B9F3A7B0086E835 /* SnapKit */; };
		C2B4CBD72B9F3A990086E835 /* CombineCocoa in Frameworks */ = {isa = PBXBuildFile; productRef = C2B4CBD62B9F3A990086E835 /* CombineCocoa */; };
		C2B4CBD92B9F3B0A0086E835 /* CombineCocoa in Frameworks */ = {isa = PBXBuildFile; productRef = C2B4CBD82B9F3B0A0086E835 /* CombineCocoa */; };
		C2B4CBDB2B9F3B0A0086E835 /* SnapKit in Frameworks */ = {isa = PBXBuildFile; productRef = C2B4CBDA2B9F3B0A0086E835 /* SnapKit */; };
		C2B4CBDD2B9F3B100086E835 /* CombineCocoa in Frameworks */ = {isa = PBXBuildFile; productRef = C2B4CBDC2B9F3B100086E835 /* CombineCocoa */; };
		C2B4CBE02B9F3D550086E835 /* LogoView.swift in Sources */ = {isa = PBXBuildFile; fileRef = C2B4CBDF2B9F3D550086E835 /* LogoView.swift */; };
		C2B4CBE22B9F3DE30086E835 /* ResultView.swift in Sources */ = {isa = PBXBuildFile; fileRef = C2B4CBE12B9F3DE30086E835 /* ResultView.swift */; };
		C2B4CBE42B9F3DF20086E835 /* BillInputView.swift in Sources */ = {isa = PBXBuildFile; fileRef = C2B4CBE32B9F3DF20086E835 /* BillInputView.swift */; };
		C2B4CBE62B9F3E050086E835 /* TipInputView.swift in Sources */ = {isa = PBXBuildFile; fileRef = C2B4CBE52B9F3E050086E835 /* TipInputView.swift */; };
		C2B4CBE82B9F3E150086E835 /* SplitInputView.swift in Sources */ = {isa = PBXBuildFile; fileRef = C2B4CBE72B9F3E150086E835 /* SplitInputView.swift */; };
		C2B4CBEB2B9F3FF40086E835 /* ThemeColor.swift in Sources */ = {isa = PBXBuildFile; fileRef = C2B4CBEA2B9F3FF40086E835 /* ThemeColor.swift */; };
		C2B4CBED2B9F3FFA0086E835 /* ThemeFont.swift in Sources */ = {isa = PBXBuildFile; fileRef = C2B4CBEC2B9F3FFA0086E835 /* ThemeFont.swift */; };
		C2B4CBF02B9F40260086E835 /* UIColor+Extension.swift in Sources */ = {isa = PBXBuildFile; fileRef = C2B4CBEF2B9F40260086E835 /* UIColor+Extension.swift */; };
		C2B4CBF32B9F430B0086E835 /* LabelFactory.swift in Sources */ = {isa = PBXBuildFile; fileRef = C2B4CBF22B9F430B0086E835 /* LabelFactory.swift */; };
		C2B4CBF52B9F48190086E835 /* UIView+Extension.swift in Sources */ = {isa = PBXBuildFile; fileRef = C2B4CBF42B9F48190086E835 /* UIView+Extension.swift */; };
		C2B4CBF72B9F4B210086E835 /* AmountView.swift in Sources */ = {isa = PBXBuildFile; fileRef = C2B4CBF62B9F4B210086E835 /* AmountView.swift */; };
/* End PBXBuildFile section */

/* Begin PBXContainerItemProxy section */
		C2B4CBB22B9F39EB0086E835 /* PBXContainerItemProxy */ = {
			isa = PBXContainerItemProxy;
			containerPortal = C2B4CB932B9F39E90086E835 /* Project object */;
			proxyType = 1;
			remoteGlobalIDString = C2B4CB9A2B9F39E90086E835;
			remoteInfo = "tip-calculator";
		};
		C2B4CBBC2B9F39EB0086E835 /* PBXContainerItemProxy */ = {
			isa = PBXContainerItemProxy;
			containerPortal = C2B4CB932B9F39E90086E835 /* Project object */;
			proxyType = 1;
			remoteGlobalIDString = C2B4CB9A2B9F39E90086E835;
			remoteInfo = "tip-calculator";
		};
/* End PBXContainerItemProxy section */

/* Begin PBXFileReference section */
		C2B4CB9B2B9F39E90086E835 /* tip-calculator.app */ = {isa = PBXFileReference; explicitFileType = wrapper.application; includeInIndex = 0; path = "tip-calculator.app"; sourceTree = BUILT_PRODUCTS_DIR; };
		C2B4CB9E2B9F39E90086E835 /* AppDelegate.swift */ = {isa = PBXFileReference; lastKnownFileType = sourcecode.swift; path = AppDelegate.swift; sourceTree = "<group>"; };
		C2B4CBA02B9F39E90086E835 /* SceneDelegate.swift */ = {isa = PBXFileReference; lastKnownFileType = sourcecode.swift; path = SceneDelegate.swift; sourceTree = "<group>"; };
		C2B4CBA22B9F39E90086E835 /* CalculatorVC.swift */ = {isa = PBXFileReference; lastKnownFileType = sourcecode.swift; path = CalculatorVC.swift; sourceTree = "<group>"; };
		C2B4CBA72B9F39EB0086E835 /* Assets.xcassets */ = {isa = PBXFileReference; lastKnownFileType = folder.assetcatalog; path = Assets.xcassets; sourceTree = "<group>"; };
		C2B4CBAA2B9F39EB0086E835 /* Base */ = {isa = PBXFileReference; lastKnownFileType = file.storyboard; name = Base; path = Base.lproj/LaunchScreen.storyboard; sourceTree = "<group>"; };
		C2B4CBAC2B9F39EB0086E835 /* Info.plist */ = {isa = PBXFileReference; lastKnownFileType = text.plist.xml; path = Info.plist; sourceTree = "<group>"; };
		C2B4CBB12B9F39EB0086E835 /* tip-calculatorTests.xctest */ = {isa = PBXFileReference; explicitFileType = wrapper.cfbundle; includeInIndex = 0; path = "tip-calculatorTests.xctest"; sourceTree = BUILT_PRODUCTS_DIR; };
		C2B4CBB52B9F39EB0086E835 /* tip_calculatorTests.swift */ = {isa = PBXFileReference; lastKnownFileType = sourcecode.swift; path = tip_calculatorTests.swift; sourceTree = "<group>"; };
		C2B4CBBB2B9F39EB0086E835 /* tip-calculatorUITests.xctest */ = {isa = PBXFileReference; explicitFileType = wrapper.cfbundle; includeInIndex = 0; path = "tip-calculatorUITests.xctest"; sourceTree = BUILT_PRODUCTS_DIR; };
		C2B4CBBF2B9F39EB0086E835 /* tip_calculatorUITests.swift */ = {isa = PBXFileReference; lastKnownFileType = sourcecode.swift; path = tip_calculatorUITests.swift; sourceTree = "<group>"; };
		C2B4CBC12B9F39EB0086E835 /* tip_calculatorUITestsLaunchTests.swift */ = {isa = PBXFileReference; lastKnownFileType = sourcecode.swift; path = tip_calculatorUITestsLaunchTests.swift; sourceTree = "<group>"; };
		C2B4CBDF2B9F3D550086E835 /* LogoView.swift */ = {isa = PBXFileReference; lastKnownFileType = sourcecode.swift; path = LogoView.swift; sourceTree = "<group>"; };
		C2B4CBE12B9F3DE30086E835 /* ResultView.swift */ = {isa = PBXFileReference; lastKnownFileType = sourcecode.swift; path = ResultView.swift; sourceTree = "<group>"; };
		C2B4CBE32B9F3DF20086E835 /* BillInputView.swift */ = {isa = PBXFileReference; lastKnownFileType = sourcecode.swift; path = BillInputView.swift; sourceTree = "<group>"; };
		C2B4CBE52B9F3E050086E835 /* TipInputView.swift */ = {isa = PBXFileReference; lastKnownFileType = sourcecode.swift; path = TipInputView.swift; sourceTree = "<group>"; };
		C2B4CBE72B9F3E150086E835 /* SplitInputView.swift */ = {isa = PBXFileReference; lastKnownFileType = sourcecode.swift; path = SplitInputView.swift; sourceTree = "<group>"; };
		C2B4CBEA2B9F3FF40086E835 /* ThemeColor.swift */ = {isa = PBXFileReference; lastKnownFileType = sourcecode.swift; path = ThemeColor.swift; sourceTree = "<group>"; };
		C2B4CBEC2B9F3FFA0086E835 /* ThemeFont.swift */ = {isa = PBXFileReference; lastKnownFileType = sourcecode.swift; path = ThemeFont.swift; sourceTree = "<group>"; };
		C2B4CBEF2B9F40260086E835 /* UIColor+Extension.swift */ = {isa = PBXFileReference; lastKnownFileType = sourcecode.swift; path = "UIColor+Extension.swift"; sourceTree = "<group>"; };
		C2B4CBF22B9F430B0086E835 /* LabelFactory.swift */ = {isa = PBXFileReference; lastKnownFileType = sourcecode.swift; path = LabelFactory.swift; sourceTree = "<group>"; };
		C2B4CBF42B9F48190086E835 /* UIView+Extension.swift */ = {isa = PBXFileReference; lastKnownFileType = sourcecode.swift; path = "UIView+Extension.swift"; sourceTree = "<group>"; };
		C2B4CBF62B9F4B210086E835 /* AmountView.swift */ = {isa = PBXFileReference; lastKnownFileType = sourcecode.swift; path = AmountView.swift; sourceTree = "<group>"; };
/* End PBXFileReference section */

/* Begin PBXFrameworksBuildPhase section */
		C2B4CB982B9F39E90086E835 /* Frameworks */ = {
			isa = PBXFrameworksBuildPhase;
			buildActionMask = 2147483647;
			files = (
				C2B4CBD12B9F3A7B0086E835 /* SnapKit in Frameworks */,
				C2B4CBD72B9F3A990086E835 /* CombineCocoa in Frameworks */,
			);
			runOnlyForDeploymentPostprocessing = 0;
		};
		C2B4CBAE2B9F39EB0086E835 /* Frameworks */ = {
			isa = PBXFrameworksBuildPhase;
			buildActionMask = 2147483647;
			files = (
				C2B4CBD92B9F3B0A0086E835 /* CombineCocoa in Frameworks */,
				C2B4CBDB2B9F3B0A0086E835 /* SnapKit in Frameworks */,
			);
			runOnlyForDeploymentPostprocessing = 0;
		};
		C2B4CBB82B9F39EB0086E835 /* Frameworks */ = {
			isa = PBXFrameworksBuildPhase;
			buildActionMask = 2147483647;
			files = (
				C2B4CBDD2B9F3B100086E835 /* CombineCocoa in Frameworks */,
			);
			runOnlyForDeploymentPostprocessing = 0;
		};
/* End PBXFrameworksBuildPhase section */

/* Begin PBXGroup section */
		C2B4CB922B9F39E90086E835 = {
			isa = PBXGroup;
			children = (
				C2B4CB9D2B9F39E90086E835 /* tip-calculator */,
				C2B4CBB42B9F39EB0086E835 /* tip-calculatorTests */,
				C2B4CBBE2B9F39EB0086E835 /* tip-calculatorUITests */,
				C2B4CB9C2B9F39E90086E835 /* Products */,
				C2B4CBD52B9F3A990086E835 /* Frameworks */,
			);
			sourceTree = "<group>";
		};
		C2B4CB9C2B9F39E90086E835 /* Products */ = {
			isa = PBXGroup;
			children = (
				C2B4CB9B2B9F39E90086E835 /* tip-calculator.app */,
				C2B4CBB12B9F39EB0086E835 /* tip-calculatorTests.xctest */,
				C2B4CBBB2B9F39EB0086E835 /* tip-calculatorUITests.xctest */,
			);
			name = Products;
			sourceTree = "<group>";
		};
		C2B4CB9D2B9F39E90086E835 /* tip-calculator */ = {
			isa = PBXGroup;
			children = (
				C2B4CBF12B9F43000086E835 /* factory */,
				C2B4CBEE2B9F401D0086E835 /* extension */,
				C2B4CBE92B9F3FED0086E835 /* config */,
				C2B4CBDE2B9F3D460086E835 /* view */,
				C2B4CB9E2B9F39E90086E835 /* AppDelegate.swift */,
				C2B4CBA02B9F39E90086E835 /* SceneDelegate.swift */,
				C2B4CBA22B9F39E90086E835 /* CalculatorVC.swift */,
				C2B4CBA72B9F39EB0086E835 /* Assets.xcassets */,
				C2B4CBA92B9F39EB0086E835 /* LaunchScreen.storyboard */,
				C2B4CBAC2B9F39EB0086E835 /* Info.plist */,
			);
			path = "tip-calculator";
			sourceTree = "<group>";
		};
		C2B4CBB42B9F39EB0086E835 /* tip-calculatorTests */ = {
			isa = PBXGroup;
			children = (
				C2B4CBB52B9F39EB0086E835 /* tip_calculatorTests.swift */,
			);
			path = "tip-calculatorTests";
			sourceTree = "<group>";
		};
		C2B4CBBE2B9F39EB0086E835 /* tip-calculatorUITests */ = {
			isa = PBXGroup;
			children = (
				C2B4CBBF2B9F39EB0086E835 /* tip_calculatorUITests.swift */,
				C2B4CBC12B9F39EB0086E835 /* tip_calculatorUITestsLaunchTests.swift */,
			);
			path = "tip-calculatorUITests";
			sourceTree = "<group>";
		};
		C2B4CBD52B9F3A990086E835 /* Frameworks */ = {
			isa = PBXGroup;
			children = (
			);
			name = Frameworks;
			sourceTree = "<group>";
		};
		C2B4CBDE2B9F3D460086E835 /* view */ = {
			isa = PBXGroup;
			children = (
				C2B4CBDF2B9F3D550086E835 /* LogoView.swift */,
				C2B4CBE52B9F3E050086E835 /* TipInputView.swift */,
				C2B4CBE12B9F3DE30086E835 /* ResultView.swift */,
				C2B4CBE32B9F3DF20086E835 /* BillInputView.swift */,
				C2B4CBE72B9F3E150086E835 /* SplitInputView.swift */,
				C2B4CBF62B9F4B210086E835 /* AmountView.swift */,
			);
			path = view;
			sourceTree = "<group>";
		};
		C2B4CBE92B9F3FED0086E835 /* config */ = {
			isa = PBXGroup;
			children = (
				C2B4CBEA2B9F3FF40086E835 /* ThemeColor.swift */,
				C2B4CBEC2B9F3FFA0086E835 /* ThemeFont.swift */,
			);
			path = config;
			sourceTree = "<group>";
		};
		C2B4CBEE2B9F401D0086E835 /* extension */ = {
			isa = PBXGroup;
			children = (
				C2B4CBEF2B9F40260086E835 /* UIColor+Extension.swift */,
				C2B4CBF42B9F48190086E835 /* UIView+Extension.swift */,
			);
			path = extension;
			sourceTree = "<group>";
		};
		C2B4CBF12B9F43000086E835 /* factory */ = {
			isa = PBXGroup;
			children = (
				C2B4CBF22B9F430B0086E835 /* LabelFactory.swift */,
			);
			path = factory;
			sourceTree = "<group>";
		};
/* End PBXGroup section */

/* Begin PBXNativeTarget section */
		C2B4CB9A2B9F39E90086E835 /* tip-calculator */ = {
			isa = PBXNativeTarget;
			buildConfigurationList = C2B4CBC52B9F39EB0086E835 /* Build configuration list for PBXNativeTarget "tip-calculator" */;
			buildPhases = (
				C2B4CB972B9F39E90086E835 /* Sources */,
				C2B4CB982B9F39E90086E835 /* Frameworks */,
				C2B4CB992B9F39E90086E835 /* Resources */,
			);
			buildRules = (
			);
			dependencies = (
			);
			name = "tip-calculator";
			packageProductDependencies = (
				C2B4CBD02B9F3A7B0086E835 /* SnapKit */,
				C2B4CBD62B9F3A990086E835 /* CombineCocoa */,
			);
			productName = "tip-calculator";
			productReference = C2B4CB9B2B9F39E90086E835 /* tip-calculator.app */;
			productType = "com.apple.product-type.application";
		};
		C2B4CBB02B9F39EB0086E835 /* tip-calculatorTests */ = {
			isa = PBXNativeTarget;
			buildConfigurationList = C2B4CBC82B9F39EB0086E835 /* Build configuration list for PBXNativeTarget "tip-calculatorTests" */;
			buildPhases = (
				C2B4CBAD2B9F39EB0086E835 /* Sources */,
				C2B4CBAE2B9F39EB0086E835 /* Frameworks */,
				C2B4CBAF2B9F39EB0086E835 /* Resources */,
			);
			buildRules = (
			);
			dependencies = (
				C2B4CBB32B9F39EB0086E835 /* PBXTargetDependency */,
			);
			name = "tip-calculatorTests";
			packageProductDependencies = (
				C2B4CBD82B9F3B0A0086E835 /* CombineCocoa */,
				C2B4CBDA2B9F3B0A0086E835 /* SnapKit */,
			);
			productName = "tip-calculatorTests";
			productReference = C2B4CBB12B9F39EB0086E835 /* tip-calculatorTests.xctest */;
			productType = "com.apple.product-type.bundle.unit-test";
		};
		C2B4CBBA2B9F39EB0086E835 /* tip-calculatorUITests */ = {
			isa = PBXNativeTarget;
			buildConfigurationList = C2B4CBCB2B9F39EB0086E835 /* Build configuration list for PBXNativeTarget "tip-calculatorUITests" */;
			buildPhases = (
				C2B4CBB72B9F39EB0086E835 /* Sources */,
				C2B4CBB82B9F39EB0086E835 /* Frameworks */,
				C2B4CBB92B9F39EB0086E835 /* Resources */,
			);
			buildRules = (
			);
			dependencies = (
				C2B4CBBD2B9F39EB0086E835 /* PBXTargetDependency */,
			);
			name = "tip-calculatorUITests";
			packageProductDependencies = (
				C2B4CBDC2B9F3B100086E835 /* CombineCocoa */,
			);
			productName = "tip-calculatorUITests";
			productReference = C2B4CBBB2B9F39EB0086E835 /* tip-calculatorUITests.xctest */;
			productType = "com.apple.product-type.bundle.ui-testing";
		};
/* End PBXNativeTarget section */

/* Begin PBXProject section */
		C2B4CB932B9F39E90086E835 /* Project object */ = {
			isa = PBXProject;
			attributes = {
				BuildIndependentTargetsInParallel = 1;
				LastSwiftUpdateCheck = 1530;
				LastUpgradeCheck = 1530;
				TargetAttributes = {
					C2B4CB9A2B9F39E90086E835 = {
						CreatedOnToolsVersion = 15.3;
					};
					C2B4CBB02B9F39EB0086E835 = {
						CreatedOnToolsVersion = 15.3;
						TestTargetID = C2B4CB9A2B9F39E90086E835;
					};
					C2B4CBBA2B9F39EB0086E835 = {
						CreatedOnToolsVersion = 15.3;
						TestTargetID = C2B4CB9A2B9F39E90086E835;
					};
				};
			};
			buildConfigurationList = C2B4CB962B9F39E90086E835 /* Build configuration list for PBXProject "tip-calculator" */;
			compatibilityVersion = "Xcode 14.0";
			developmentRegion = en;
			hasScannedForEncodings = 0;
			knownRegions = (
				en,
				Base,
			);
			mainGroup = C2B4CB922B9F39E90086E835;
			packageReferences = (
				C2B4CBCE2B9F3A460086E835 /* XCRemoteSwiftPackageReference "CombineCocoa" */,
				C2B4CBCF2B9F3A7B0086E835 /* XCRemoteSwiftPackageReference "SnapKit" */,
			);
			productRefGroup = C2B4CB9C2B9F39E90086E835 /* Products */;
			projectDirPath = "";
			projectRoot = "";
			targets = (
				C2B4CB9A2B9F39E90086E835 /* tip-calculator */,
				C2B4CBB02B9F39EB0086E835 /* tip-calculatorTests */,
				C2B4CBBA2B9F39EB0086E835 /* tip-calculatorUITests */,
			);
		};
/* End PBXProject section */

/* Begin PBXResourcesBuildPhase section */
		C2B4CB992B9F39E90086E835 /* Resources */ = {
			isa = PBXResourcesBuildPhase;
			buildActionMask = 2147483647;
			files = (
				C2B4CBA82B9F39EB0086E835 /* Assets.xcassets in Resources */,
				C2B4CBAB2B9F39EB0086E835 /* Base in Resources */,
			);
			runOnlyForDeploymentPostprocessing = 0;
		};
		C2B4CBAF2B9F39EB0086E835 /* Resources */ = {
			isa = PBXResourcesBuildPhase;
			buildActionMask = 2147483647;
			files = (
			);
			runOnlyForDeploymentPostprocessing = 0;
		};
		C2B4CBB92B9F39EB0086E835 /* Resources */ = {
			isa = PBXResourcesBuildPhase;
			buildActionMask = 2147483647;
			files = (
			);
			runOnlyForDeploymentPostprocessing = 0;
		};
/* End PBXResourcesBuildPhase section */

/* Begin PBXSourcesBuildPhase section */
		C2B4CB972B9F39E90086E835 /* Sources */ = {
			isa = PBXSourcesBuildPhase;
			buildActionMask = 2147483647;
			files = (
				C2B4CBF72B9F4B210086E835 /* AmountView.swift in Sources */,
				C2B4CBA32B9F39E90086E835 /* CalculatorVC.swift in Sources */,
				C2B4CBF52B9F48190086E835 /* UIView+Extension.swift in Sources */,
				C2B4CBE02B9F3D550086E835 /* LogoView.swift in Sources */,
				C2B4CBEB2B9F3FF40086E835 /* ThemeColor.swift in Sources */,
				C2B4CBF02B9F40260086E835 /* UIColor+Extension.swift in Sources */,
				C2B4CBE42B9F3DF20086E835 /* BillInputView.swift in Sources */,
				C2B4CBE22B9F3DE30086E835 /* ResultView.swift in Sources */,
				C2B4CB9F2B9F39E90086E835 /* AppDelegate.swift in Sources */,
				C2B4CBED2B9F3FFA0086E835 /* ThemeFont.swift in Sources */,
				C2B4CBA12B9F39E90086E835 /* SceneDelegate.swift in Sources */,
				C2B4CBF32B9F430B0086E835 /* LabelFactory.swift in Sources */,
				C2B4CBE82B9F3E150086E835 /* SplitInputView.swift in Sources */,
				C2B4CBE62B9F3E050086E835 /* TipInputView.swift in Sources */,
			);
			runOnlyForDeploymentPostprocessing = 0;
		};
		C2B4CBAD2B9F39EB0086E835 /* Sources */ = {
			isa = PBXSourcesBuildPhase;
			buildActionMask = 2147483647;
			files = (
				C2B4CBB62B9F39EB0086E835 /* tip_calculatorTests.swift in Sources */,
			);
			runOnlyForDeploymentPostprocessing = 0;
		};
		C2B4CBB72B9F39EB0086E835 /* Sources */ = {
			isa = PBXSourcesBuildPhase;
			buildActionMask = 2147483647;
			files = (
				C2B4CBC22B9F39EB0086E835 /* tip_calculatorUITestsLaunchTests.swift in Sources */,
				C2B4CBC02B9F39EB0086E835 /* tip_calculatorUITests.swift in Sources */,
			);
			runOnlyForDeploymentPostprocessing = 0;
		};
/* End PBXSourcesBuildPhase section */

/* Begin PBXTargetDependency section */
		C2B4CBB32B9F39EB0086E835 /* PBXTargetDependency */ = {
			isa = PBXTargetDependency;
			target = C2B4CB9A2B9F39E90086E835 /* tip-calculator */;
			targetProxy = C2B4CBB22B9F39EB0086E835 /* PBXContainerItemProxy */;
		};
		C2B4CBBD2B9F39EB0086E835 /* PBXTargetDependency */ = {
			isa = PBXTargetDependency;
			target = C2B4CB9A2B9F39E90086E835 /* tip-calculator */;
			targetProxy = C2B4CBBC2B9F39EB0086E835 /* PBXContainerItemProxy */;
		};
/* End PBXTargetDependency section */

/* Begin PBXVariantGroup section */
		C2B4CBA92B9F39EB0086E835 /* LaunchScreen.storyboard */ = {
			isa = PBXVariantGroup;
			children = (
				C2B4CBAA2B9F39EB0086E835 /* Base */,
			);
			name = LaunchScreen.storyboard;
			sourceTree = "<group>";
		};
/* End PBXVariantGroup section */

/* Begin XCBuildConfiguration section */
		C2B4CBC32B9F39EB0086E835 /* Debug */ = {
			isa = XCBuildConfiguration;
			buildSettings = {
				ALWAYS_SEARCH_USER_PATHS = NO;
				ASSETCATALOG_COMPILER_GENERATE_SWIFT_ASSET_SYMBOL_EXTENSIONS = YES;
				CLANG_ANALYZER_NONNULL = YES;
				CLANG_ANALYZER_NUMBER_OBJECT_CONVERSION = YES_AGGRESSIVE;
				CLANG_CXX_LANGUAGE_STANDARD = "gnu++20";
				CLANG_ENABLE_MODULES = YES;
				CLANG_ENABLE_OBJC_ARC = YES;
				CLANG_ENABLE_OBJC_WEAK = YES;
				CLANG_WARN_BLOCK_CAPTURE_AUTORELEASING = YES;
				CLANG_WARN_BOOL_CONVERSION = YES;
				CLANG_WARN_COMMA = YES;
				CLANG_WARN_CONSTANT_CONVERSION = YES;
				CLANG_WARN_DEPRECATED_OBJC_IMPLEMENTATIONS = YES;
				CLANG_WARN_DIRECT_OBJC_ISA_USAGE = YES_ERROR;
				CLANG_WARN_DOCUMENTATION_COMMENTS = YES;
				CLANG_WARN_EMPTY_BODY = YES;
				CLANG_WARN_ENUM_CONVERSION = YES;
				CLANG_WARN_INFINITE_RECURSION = YES;
				CLANG_WARN_INT_CONVERSION = YES;
				CLANG_WARN_NON_LITERAL_NULL_CONVERSION = YES;
				CLANG_WARN_OBJC_IMPLICIT_RETAIN_SELF = YES;
				CLANG_WARN_OBJC_LITERAL_CONVERSION = YES;
				CLANG_WARN_OBJC_ROOT_CLASS = YES_ERROR;
				CLANG_WARN_QUOTED_INCLUDE_IN_FRAMEWORK_HEADER = YES;
				CLANG_WARN_RANGE_LOOP_ANALYSIS = YES;
				CLANG_WARN_STRICT_PROTOTYPES = YES;
				CLANG_WARN_SUSPICIOUS_MOVE = YES;
				CLANG_WARN_UNGUARDED_AVAILABILITY = YES_AGGRESSIVE;
				CLANG_WARN_UNREACHABLE_CODE = YES;
				CLANG_WARN__DUPLICATE_METHOD_MATCH = YES;
				COPY_PHASE_STRIP = NO;
				DEBUG_INFORMATION_FORMAT = dwarf;
				ENABLE_STRICT_OBJC_MSGSEND = YES;
				ENABLE_TESTABILITY = YES;
				ENABLE_USER_SCRIPT_SANDBOXING = YES;
				GCC_C_LANGUAGE_STANDARD = gnu17;
				GCC_DYNAMIC_NO_PIC = NO;
				GCC_NO_COMMON_BLOCKS = YES;
				GCC_OPTIMIZATION_LEVEL = 0;
				GCC_PREPROCESSOR_DEFINITIONS = (
					"DEBUG=1",
					"$(inherited)",
				);
				GCC_WARN_64_TO_32_BIT_CONVERSION = YES;
				GCC_WARN_ABOUT_RETURN_TYPE = YES_ERROR;
				GCC_WARN_UNDECLARED_SELECTOR = YES;
				GCC_WARN_UNINITIALIZED_AUTOS = YES_AGGRESSIVE;
				GCC_WARN_UNUSED_FUNCTION = YES;
				GCC_WARN_UNUSED_VARIABLE = YES;
				IPHONEOS_DEPLOYMENT_TARGET = 13.0;
				LOCALIZATION_PREFERS_STRING_CATALOGS = YES;
				MTL_ENABLE_DEBUG_INFO = INCLUDE_SOURCE;
				MTL_FAST_MATH = YES;
				ONLY_ACTIVE_ARCH = YES;
				SDKROOT = iphoneos;
				SWIFT_ACTIVE_COMPILATION_CONDITIONS = "DEBUG $(inherited)";
				SWIFT_OPTIMIZATION_LEVEL = "-Onone";
			};
			name = Debug;
		};
		C2B4CBC42B9F39EB0086E835 /* Release */ = {
			isa = XCBuildConfiguration;
			buildSettings = {
				ALWAYS_SEARCH_USER_PATHS = NO;
				ASSETCATALOG_COMPILER_GENERATE_SWIFT_ASSET_SYMBOL_EXTENSIONS = YES;
				CLANG_ANALYZER_NONNULL = YES;
				CLANG_ANALYZER_NUMBER_OBJECT_CONVERSION = YES_AGGRESSIVE;
				CLANG_CXX_LANGUAGE_STANDARD = "gnu++20";
				CLANG_ENABLE_MODULES = YES;
				CLANG_ENABLE_OBJC_ARC = YES;
				CLANG_ENABLE_OBJC_WEAK = YES;
				CLANG_WARN_BLOCK_CAPTURE_AUTORELEASING = YES;
				CLANG_WARN_BOOL_CONVERSION = YES;
				CLANG_WARN_COMMA = YES;
				CLANG_WARN_CONSTANT_CONVERSION = YES;
				CLANG_WARN_DEPRECATED_OBJC_IMPLEMENTATIONS = YES;
				CLANG_WARN_DIRECT_OBJC_ISA_USAGE = YES_ERROR;
				CLANG_WARN_DOCUMENTATION_COMMENTS = YES;
				CLANG_WARN_EMPTY_BODY = YES;
				CLANG_WARN_ENUM_CONVERSION = YES;
				CLANG_WARN_INFINITE_RECURSION = YES;
				CLANG_WARN_INT_CONVERSION = YES;
				CLANG_WARN_NON_LITERAL_NULL_CONVERSION = YES;
				CLANG_WARN_OBJC_IMPLICIT_RETAIN_SELF = YES;
				CLANG_WARN_OBJC_LITERAL_CONVERSION = YES;
				CLANG_WARN_OBJC_ROOT_CLASS = YES_ERROR;
				CLANG_WARN_QUOTED_INCLUDE_IN_FRAMEWORK_HEADER = YES;
				CLANG_WARN_RANGE_LOOP_ANALYSIS = YES;
				CLANG_WARN_STRICT_PROTOTYPES = YES;
				CLANG_WARN_SUSPICIOUS_MOVE = YES;
				CLANG_WARN_UNGUARDED_AVAILABILITY = YES_AGGRESSIVE;
				CLANG_WARN_UNREACHABLE_CODE = YES;
				CLANG_WARN__DUPLICATE_METHOD_MATCH = YES;
				COPY_PHASE_STRIP = NO;
				DEBUG_INFORMATION_FORMAT = "dwarf-with-dsym";
				ENABLE_NS_ASSERTIONS = NO;
				ENABLE_STRICT_OBJC_MSGSEND = YES;
				ENABLE_USER_SCRIPT_SANDBOXING = YES;
				GCC_C_LANGUAGE_STANDARD = gnu17;
				GCC_NO_COMMON_BLOCKS = YES;
				GCC_WARN_64_TO_32_BIT_CONVERSION = YES;
				GCC_WARN_ABOUT_RETURN_TYPE = YES_ERROR;
				GCC_WARN_UNDECLARED_SELECTOR = YES;
				GCC_WARN_UNINITIALIZED_AUTOS = YES_AGGRESSIVE;
				GCC_WARN_UNUSED_FUNCTION = YES;
				GCC_WARN_UNUSED_VARIABLE = YES;
				IPHONEOS_DEPLOYMENT_TARGET = 13.0;
				LOCALIZATION_PREFERS_STRING_CATALOGS = YES;
				MTL_ENABLE_DEBUG_INFO = NO;
				MTL_FAST_MATH = YES;
				SDKROOT = iphoneos;
				SWIFT_COMPILATION_MODE = wholemodule;
				VALIDATE_PRODUCT = YES;
			};
			name = Release;
		};
		C2B4CBC62B9F39EB0086E835 /* Debug */ = {
			isa = XCBuildConfiguration;
			buildSettings = {
				ASSETCATALOG_COMPILER_APPICON_NAME = AppIcon;
				ASSETCATALOG_COMPILER_GLOBAL_ACCENT_COLOR_NAME = AccentColor;
				CODE_SIGN_STYLE = Automatic;
				CURRENT_PROJECT_VERSION = 1;
				DEVELOPMENT_TEAM = 77P94MC849;
				GENERATE_INFOPLIST_FILE = YES;
				INFOPLIST_FILE = "tip-calculator/Info.plist";
				INFOPLIST_KEY_UIApplicationSupportsIndirectInputEvents = YES;
				INFOPLIST_KEY_UILaunchStoryboardName = LaunchScreen;
				INFOPLIST_KEY_UISupportedInterfaceOrientations_iPad = "UIInterfaceOrientationPortrait UIInterfaceOrientationPortraitUpsideDown UIInterfaceOrientationLandscapeLeft UIInterfaceOrientationLandscapeRight";
				INFOPLIST_KEY_UISupportedInterfaceOrientations_iPhone = "UIInterfaceOrientationPortrait UIInterfaceOrientationLandscapeLeft UIInterfaceOrientationLandscapeRight";
				IPHONEOS_DEPLOYMENT_TARGET = 13.0;
				LD_RUNPATH_SEARCH_PATHS = (
					"$(inherited)",
					"@executable_path/Frameworks",
				);
				MARKETING_VERSION = 1.0;
				PRODUCT_BUNDLE_IDENTIFIER = "com.elvin.tip-calculator";
				PRODUCT_NAME = "$(TARGET_NAME)";
				SWIFT_EMIT_LOC_STRINGS = YES;
				SWIFT_VERSION = 5.0;
				TARGETED_DEVICE_FAMILY = "1,2";
			};
			name = Debug;
		};
		C2B4CBC72B9F39EB0086E835 /* Release */ = {
			isa = XCBuildConfiguration;
			buildSettings = {
				ASSETCATALOG_COMPILER_APPICON_NAME = AppIcon;
				ASSETCATALOG_COMPILER_GLOBAL_ACCENT_COLOR_NAME = AccentColor;
				CODE_SIGN_STYLE = Automatic;
				CURRENT_PROJECT_VERSION = 1;
				DEVELOPMENT_TEAM = 77P94MC849;
				GENERATE_INFOPLIST_FILE = YES;
				INFOPLIST_FILE = "tip-calculator/Info.plist";
				INFOPLIST_KEY_UIApplicationSupportsIndirectInputEvents = YES;
				INFOPLIST_KEY_UILaunchStoryboardName = LaunchScreen;
				INFOPLIST_KEY_UISupportedInterfaceOrientations_iPad = "UIInterfaceOrientationPortrait UIInterfaceOrientationPortraitUpsideDown UIInterfaceOrientationLandscapeLeft UIInterfaceOrientationLandscapeRight";
				INFOPLIST_KEY_UISupportedInterfaceOrientations_iPhone = "UIInterfaceOrientationPortrait UIInterfaceOrientationLandscapeLeft UIInterfaceOrientationLandscapeRight";
				IPHONEOS_DEPLOYMENT_TARGET = 13.0;
				LD_RUNPATH_SEARCH_PATHS = (
					"$(inherited)",
					"@executable_path/Frameworks",
				);
				MARKETING_VERSION = 1.0;
				PRODUCT_BUNDLE_IDENTIFIER = "com.elvin.tip-calculator";
				PRODUCT_NAME = "$(TARGET_NAME)";
				SWIFT_EMIT_LOC_STRINGS = YES;
				SWIFT_VERSION = 5.0;
				TARGETED_DEVICE_FAMILY = "1,2";
			};
			name = Release;
		};
		C2B4CBC92B9F39EB0086E835 /* Debug */ = {
			isa = XCBuildConfiguration;
			buildSettings = {
				ALWAYS_EMBED_SWIFT_STANDARD_LIBRARIES = YES;
				BUNDLE_LOADER = "$(TEST_HOST)";
				CODE_SIGN_STYLE = Automatic;
				CURRENT_PROJECT_VERSION = 1;
				DEVELOPMENT_TEAM = 77P94MC849;
				GENERATE_INFOPLIST_FILE = YES;
				IPHONEOS_DEPLOYMENT_TARGET = 17.4;
				MARKETING_VERSION = 1.0;
				PRODUCT_BUNDLE_IDENTIFIER = "com.elvin.tip-calculatorTests";
				PRODUCT_NAME = "$(TARGET_NAME)";
				SWIFT_EMIT_LOC_STRINGS = NO;
				SWIFT_VERSION = 5.0;
				TARGETED_DEVICE_FAMILY = "1,2";
				TEST_HOST = "$(BUILT_PRODUCTS_DIR)/tip-calculator.app/$(BUNDLE_EXECUTABLE_FOLDER_PATH)/tip-calculator";
			};
			name = Debug;
		};
		C2B4CBCA2B9F39EB0086E835 /* Release */ = {
			isa = XCBuildConfiguration;
			buildSettings = {
				ALWAYS_EMBED_SWIFT_STANDARD_LIBRARIES = YES;
				BUNDLE_LOADER = "$(TEST_HOST)";
				CODE_SIGN_STYLE = Automatic;
				CURRENT_PROJECT_VERSION = 1;
				DEVELOPMENT_TEAM = 77P94MC849;
				GENERATE_INFOPLIST_FILE = YES;
				IPHONEOS_DEPLOYMENT_TARGET = 17.4;
				MARKETING_VERSION = 1.0;
				PRODUCT_BUNDLE_IDENTIFIER = "com.elvin.tip-calculatorTests";
				PRODUCT_NAME = "$(TARGET_NAME)";
				SWIFT_EMIT_LOC_STRINGS = NO;
				SWIFT_VERSION = 5.0;
				TARGETED_DEVICE_FAMILY = "1,2";
				TEST_HOST = "$(BUILT_PRODUCTS_DIR)/tip-calculator.app/$(BUNDLE_EXECUTABLE_FOLDER_PATH)/tip-calculator";
			};
			name = Release;
		};
		C2B4CBCC2B9F39EB0086E835 /* Debug */ = {
			isa = XCBuildConfiguration;
			buildSettings = {
				ALWAYS_EMBED_SWIFT_STANDARD_LIBRARIES = YES;
				CODE_SIGN_STYLE = Automatic;
				CURRENT_PROJECT_VERSION = 1;
				DEVELOPMENT_TEAM = 77P94MC849;
				GENERATE_INFOPLIST_FILE = YES;
				MARKETING_VERSION = 1.0;
				PRODUCT_BUNDLE_IDENTIFIER = "com.elvin.tip-calculatorUITests";
				PRODUCT_NAME = "$(TARGET_NAME)";
				SWIFT_EMIT_LOC_STRINGS = NO;
				SWIFT_VERSION = 5.0;
				TARGETED_DEVICE_FAMILY = "1,2";
				TEST_TARGET_NAME = "tip-calculator";
			};
			name = Debug;
		};
		C2B4CBCD2B9F39EB0086E835 /* Release */ = {
			isa = XCBuildConfiguration;
			buildSettings = {
				ALWAYS_EMBED_SWIFT_STANDARD_LIBRARIES = YES;
				CODE_SIGN_STYLE = Automatic;
				CURRENT_PROJECT_VERSION = 1;
				DEVELOPMENT_TEAM = 77P94MC849;
				GENERATE_INFOPLIST_FILE = YES;
				MARKETING_VERSION = 1.0;
				PRODUCT_BUNDLE_IDENTIFIER = "com.elvin.tip-calculatorUITests";
				PRODUCT_NAME = "$(TARGET_NAME)";
				SWIFT_EMIT_LOC_STRINGS = NO;
				SWIFT_VERSION = 5.0;
				TARGETED_DEVICE_FAMILY = "1,2";
				TEST_TARGET_NAME = "tip-calculator";
			};
			name = Release;
		};
/* End XCBuildConfiguration section */

/* Begin XCConfigurationList section */
		C2B4CB962B9F39E90086E835 /* Build configuration list for PBXProject "tip-calculator" */ = {
			isa = XCConfigurationList;
			buildConfigurations = (
				C2B4CBC32B9F39EB0086E835 /* Debug */,
				C2B4CBC42B9F39EB0086E835 /* Release */,
			);
			defaultConfigurationIsVisible = 0;
			defaultConfigurationName = Release;
		};
		C2B4CBC52B9F39EB0086E835 /* Build configuration list for PBXNativeTarget "tip-calculator" */ = {
			isa = XCConfigurationList;
			buildConfigurations = (
				C2B4CBC62B9F39EB0086E835 /* Debug */,
				C2B4CBC72B9F39EB0086E835 /* Release */,
			);
			defaultConfigurationIsVisible = 0;
			defaultConfigurationName = Release;
		};
		C2B4CBC82B9F39EB0086E835 /* Build configuration list for PBXNativeTarget "tip-calculatorTests" */ = {
			isa = XCConfigurationList;
			buildConfigurations = (
				C2B4CBC92B9F39EB0086E835 /* Debug */,
				C2B4CBCA2B9F39EB0086E835 /* Release */,
			);
			defaultConfigurationIsVisible = 0;
			defaultConfigurationName = Release;
		};
		C2B4CBCB2B9F39EB0086E835 /* Build configuration list for PBXNativeTarget "tip-calculatorUITests" */ = {
			isa = XCConfigurationList;
			buildConfigurations = (
				C2B4CBCC2B9F39EB0086E835 /* Debug */,
				C2B4CBCD2B9F39EB0086E835 /* Release */,
			);
			defaultConfigurationIsVisible = 0;
			defaultConfigurationName = Release;
		};
/* End XCConfigurationList section */

/* Begin XCRemoteSwiftPackageReference section */
		C2B4CBCE2B9F3A460086E835 /* XCRemoteSwiftPackageReference "CombineCocoa" */ = {
			isa = XCRemoteSwiftPackageReference;
			repositoryURL = "https://github.com/CombineCommunity/CombineCocoa";
			requirement = {
				kind = upToNextMajorVersion;
				minimumVersion = 0.4.1;
			};
		};
		C2B4CBCF2B9F3A7B0086E835 /* XCRemoteSwiftPackageReference "SnapKit" */ = {
			isa = XCRemoteSwiftPackageReference;
			repositoryURL = "https://github.com/SnapKit/SnapKit";
			requirement = {
				kind = upToNextMajorVersion;
				minimumVersion = 5.7.1;
			};
		};
/* End XCRemoteSwiftPackageReference section */

/* Begin XCSwiftPackageProductDependency section */
		C2B4CBD02B9F3A7B0086E835 /* SnapKit */ = {
			isa = XCSwiftPackageProductDependency;
			package = C2B4CBCF2B9F3A7B0086E835 /* XCRemoteSwiftPackageReference "SnapKit" */;
			productName = SnapKit;
		};
		C2B4CBD62B9F3A990086E835 /* CombineCocoa */ = {
			isa = XCSwiftPackageProductDependency;
			package = C2B4CBCE2B9F3A460086E835 /* XCRemoteSwiftPackageReference "CombineCocoa" */;
			productName = CombineCocoa;
		};
		C2B4CBD82B9F3B0A0086E835 /* CombineCocoa */ = {
			isa = XCSwiftPackageProductDependency;
			package = C2B4CBCE2B9F3A460086E835 /* XCRemoteSwiftPackageReference "CombineCocoa" */;
			productName = CombineCocoa;
		};
		C2B4CBDA2B9F3B0A0086E835 /* SnapKit */ = {
			isa = XCSwiftPackageProductDependency;
			package = C2B4CBCF2B9F3A7B0086E835 /* XCRemoteSwiftPackageReference "SnapKit" */;
			productName = SnapKit;
		};
		C2B4CBDC2B9F3B100086E835 /* CombineCocoa */ = {
			isa = XCSwiftPackageProductDependency;
			package = C2B4CBCE2B9F3A460086E835 /* XCRemoteSwiftPackageReference "CombineCocoa" */;
			productName = CombineCocoa;
		};
/* End XCSwiftPackageProductDependency section */
	};
	rootObject = C2B4CB932B9F39E90086E835 /* Project object */;
}
